# THIS IS AN AUTOGENERATED FILE. DO NOT EDIT THIS FILE DIRECTLY.
# yarn lockfile v1


"argparse@^1.0.7":
  "integrity" "sha512-o5Roy6tNG4SL/FOkCAN6RzjiakZS25RLYFrcMttJqbdd8BWrnA+fGz57iN5Pb06pvBGvl5gQ0B48dJlslXvoTg=="
  "resolved" "https://registry.npmjs.org/argparse/-/argparse-1.0.10.tgz"
  "version" "1.0.10"
  dependencies:
    "sprintf-js" "~1.0.2"

"esprima@^4.0.0":
  "integrity" "sha512-eGuFFw7Upda+g4p+QHvnW0RyTX/SVeJBDM/gCtMARO0cLuT2HcEKnTPvhjV6aGeqrCB/sbNop0Kszm0jsaWU4A=="
  "resolved" "https://registry.npmjs.org/esprima/-/esprima-4.0.1.tgz"
  "version" "4.0.1"

"fsevents@2.3.2":
  "integrity" "sha512-xiqMQR4xAeHTuB9uWm+fFRcIOgKBMiOBP+eXiyT7jsgVCq1bkVygt00oASowB7EdtpOHaaPgKt812P9ab+DDKA=="
  "resolved" "https://registry.npmjs.org/fsevents/-/fsevents-2.3.2.tgz"
  "version" "2.3.2"

"js-yaml@^3.13.1":
  "integrity" "sha512-okMH7OXXJ7YrN9Ok3/SXrnu4iX9yOk+25nqX4imS2npuvTYDmo/QEZoqwZkYaIDk3jVvBOTOIEgEhaLOynBS9g=="
  "resolved" "https://registry.npmjs.org/js-yaml/-/js-yaml-3.14.1.tgz"
  "version" "3.14.1"
  dependencies:
    "argparse" "^1.0.7"
    "esprima" "^4.0.0"

"playwright-core@1.44.0":
  "integrity" "sha512-ZTbkNpFfYcGWohvTTl+xewITm7EOuqIqex0c7dNZ+aXsbrLj0qI8XlGKfPpipjm0Wny/4Lt4CJsWJk1stVS5qQ=="
  "resolved" "https://registry.npmjs.org/playwright-core/-/playwright-core-1.44.0.tgz"
  "version" "1.44.0"

"playwright@^1.44.0":
  "integrity" "sha512-F9b3GUCLQ3Nffrfb6dunPOkE5Mh68tR7zN32L4jCk4FjQamgesGay7/dAAe1WaMEGV04DkdJfcJzjoCKygUaRQ=="
  "resolved" "https://registry.npmjs.org/playwright/-/playwright-1.44.0.tgz"
  "version" "1.44.0"
  dependencies:
    "playwright-core" "1.44.0"
  optionalDependencies:
    "fsevents" "2.3.2"

"sprintf-js@~1.0.2":
  "integrity" "sha1-BOaSb2YolTVPPdAVIDYzuFcpfiw="
  "resolved" "https://registry.npmjs.org/sprintf-js/-/sprintf-js-1.0.3.tgz"
  "version" "1.0.3"
